
Microsoft Visual Studio Solution File, Format Version 12.00
# Visual Studio Version 17
VisualStudioVersion = 17.13.35931.197 d17.13
MinimumVisualStudioVersion = 10.0.40219.1
Project("{8BC9CEB8-8B4A-11D0-8D11-00A0C91BC942}") = "Project2", "Project2.vcxproj", "{2539C781-9431-4FB8-AC4F-EB121A6604CC}"
EndProject
Global
	GlobalSection(SolutionConfigurationPlatforms) = preSolution
		Debug|x64 = Debug|x64
		Debug|x86 = Debug|x86
		Release|x64 = Release|x64
		Release|x86 = Release|x86
	EndGlobalSection
	GlobalSection(ProjectConfigurationPlatforms) = postSolution
		{2539C781-9431-4FB8-AC4F-EB121A6604CC}.Debug|x64.ActiveCfg = Debug|x64
		{2539C781-9431-4FB8-AC4F-EB121A6604CC}.Debug|x64.Build.0 = Debug|x64
		{2539C781-9431-4FB8-AC4F-EB121A6604CC}.Debug|x86.ActiveCfg = Debug|Win32
		{2539C781-9431-4FB8-AC4F-EB121A6604CC}.Debug|x86.Build.0 = Debug|Win32
		{2539C781-9431-4FB8-AC4F-EB121A6604CC}.Release|x64.ActiveCfg = Release|x64
		{2539C781-9431-4FB8-AC4F-EB121A6604CC}.Release|x64.Build.0 = Release|x64
		{2539C781-9431-4FB8-AC4F-EB121A6604CC}.Release|x86.ActiveCfg = Release|Win32
		{2539C781-9431-4FB8-AC4F-EB121A6604CC}.Release|x86.Build.0 = Release|Win32
	EndGlobalSection
	GlobalSection(SolutionProperties) = preSolution
		HideSolutionNode = FALSE
	EndGlobalSection
	GlobalSection(ExtensibilityGlobals) = postSolution
		SolutionGuid = {5EF772A8-6DD7-46C4-89D9-C9B8D45866DC}
	EndGlobalSection
EndGlobal
